
Microsoft Visual Studio Solution File, Format Version 12.00
# Visual Studio 15
VisualStudioVersion = 15.0.28010.2050
MinimumVisualStudioVersion = 10.0.40219.1
Project("{FAE04EC0-301F-11D3-BF4B-00C04F79EFBC}") = "XCommunications", "XCommunications\XCommunications.csproj", "{B6C4DE96-22E3-4E70-B2CA-F10BEA091D61}"
EndProject
Global
	GlobalSection(SolutionConfigurationPlatforms) = preSolution
		Debug|Any CPU = Debug|Any CPU
		Release|Any CPU = Release|Any CPU
	EndGlobalSection
	GlobalSection(ProjectConfigurationPlatforms) = postSolution
		{B6C4DE96-22E3-4E70-B2CA-F10BEA091D61}.Debug|Any CPU.ActiveCfg = Debug|Any CPU
		{B6C4DE96-22E3-4E70-B2CA-F10BEA091D61}.Debug|Any CPU.Build.0 = Debug|Any CPU
		{B6C4DE96-22E3-4E70-B2CA-F10BEA091D61}.Release|Any CPU.ActiveCfg = Release|Any CPU
		{B6C4DE96-22E3-4E70-B2CA-F10BEA091D61}.Release|Any CPU.Build.0 = Release|Any CPU
	EndGlobalSection
	GlobalSection(SolutionProperties) = preSolution
		HideSolutionNode = FALSE
	EndGlobalSection
	GlobalSection(ExtensibilityGlobals) = postSolution
		SolutionGuid = {5629C0CD-41F3-4058-8F1D-18ECDCD66290}
	EndGlobalSection
EndGlobal
